
Microsoft Visual Studio Solution File, Format Version 12.00
# Visual Studio 15
VisualStudioVersion = 15.0.28010.2036
MinimumVisualStudioVersion = 10.0.40219.1
Project("{FAE04EC0-301F-11D3-BF4B-00C04F79EFBC}") = "Sharepoint10-08-2018", "Sharepoint10-08-2018\Sharepoint10-08-2018.csproj", "{AD63B466-3EA4-42D5-BEA8-22B09AFAB71E}"
EndProject
Global
	GlobalSection(SolutionConfigurationPlatforms) = preSolution
		Debug|Any CPU = Debug|Any CPU
		Release|Any CPU = Release|Any CPU
	EndGlobalSection
	GlobalSection(ProjectConfigurationPlatforms) = postSolution
		{AD63B466-3EA4-42D5-BEA8-22B09AFAB71E}.Debug|Any CPU.ActiveCfg = Debug|Any CPU
		{AD63B466-3EA4-42D5-BEA8-22B09AFAB71E}.Debug|Any CPU.Build.0 = Debug|Any CPU
		{AD63B466-3EA4-42D5-BEA8-22B09AFAB71E}.Release|Any CPU.ActiveCfg = Release|Any CPU
		{AD63B466-3EA4-42D5-BEA8-22B09AFAB71E}.Release|Any CPU.Build.0 = Release|Any CPU
	EndGlobalSection
	GlobalSection(SolutionProperties) = preSolution
		HideSolutionNode = FALSE
	EndGlobalSection
	GlobalSection(ExtensibilityGlobals) = postSolution
		SolutionGuid = {A3CD452B-723E-4F38-BFDC-97277E52577B}
	EndGlobalSection
EndGlobal
